
Microsoft Visual Studio Solution File, Format Version 12.00
# Visual Studio 14
VisualStudioVersion = 14.0.25420.1
MinimumVisualStudioVersion = 10.0.40219.1
Project("{E24C65DC-7377-472B-9ABA-BC803B73C61A}") = "resources", ".", "{BF403DAB-0C47-4F40-AB46-406825E1349A}"
	ProjectSection(WebsiteProperties) = preProject
		TargetFrameworkMoniker = ".NETFramework,Version%3Dv4.0"
		Debug.AspNetCompiler.VirtualPath = "/localhost_55140"
		Debug.AspNetCompiler.PhysicalPath = "F:\git\spring-boot-security-captcha-master\spring-boot-demo\src\main\resources\"
		Debug.AspNetCompiler.TargetPath = "PrecompiledWeb\localhost_55140\"
		Debug.AspNetCompiler.Updateable = "true"
		Debug.AspNetCompiler.ForceOverwrite = "true"
		Debug.AspNetCompiler.FixedNames = "false"
		Debug.AspNetCompiler.Debug = "True"
		Release.AspNetCompiler.VirtualPath = "/localhost_55140"
		Release.AspNetCompiler.PhysicalPath = "F:\git\spring-boot-security-captcha-master\spring-boot-demo\src\main\resources\"
		Release.AspNetCompiler.TargetPath = "PrecompiledWeb\localhost_55140\"
		Release.AspNetCompiler.Updateable = "true"
		Release.AspNetCompiler.ForceOverwrite = "true"
		Release.AspNetCompiler.FixedNames = "false"
		Release.AspNetCompiler.Debug = "False"
		VWDPort = "55140"
	EndProjectSection
EndProject
Global
	GlobalSection(SolutionConfigurationPlatforms) = preSolution
		Debug|Any CPU = Debug|Any CPU
	EndGlobalSection
	GlobalSection(ProjectConfigurationPlatforms) = postSolution
		{BF403DAB-0C47-4F40-AB46-406825E1349A}.Debug|Any CPU.ActiveCfg = Debug|Any CPU
		{BF403DAB-0C47-4F40-AB46-406825E1349A}.Debug|Any CPU.Build.0 = Debug|Any CPU
	EndGlobalSection
	GlobalSection(SolutionProperties) = preSolution
		HideSolutionNode = FALSE
	EndGlobalSection
EndGlobal
